# This file is automatically @generated by Wally.
# It is not intended for manual editing.
registry = "test"

[[package]]
name = "mountaindouw/faye"
version = "1.9.8"
dependencies = [["SimpleSignal", "mountaindouw/simplesignal@1.1.8"]]

[[package]]
name = "mountaindouw/simplesignal"
version = "1.1.8"
dependencies = []
