# This file is automatically @generated by Wally.
# It is not intended for manual editing.
registry = "test"

[[package]]
name = "mountaindouw/faye"
version = "2.0.9"
dependencies = [["SimpleSignal", "mountaindouw/simplesignal@1.2.0"]]

[[package]]
name = "mountaindouw/simplesignal"
version = "1.2.0"
dependencies = []
