# This file is automatically @generated by Wally.
# It is not intended for manual editing.
registry = "test"

[[package]]
name = "mountaindouw/simplesignal"
version = "1.2.3"
dependencies = []

[[package]]
name = "ouw2204/faye"
version = "2.4.4"
dependencies = [["simplesignal", "mountaindouw/simplesignal@1.2.3"]]
